<Solution>
  <Folder Name="/Authentication.Subsystem/">
    <Project Path="Authentication.Aggregator/Authentication.Aggregator.csproj" Id="088bc21d-bb80-41a0-adcb-1d59ce9c5ac6" />
    <Project Path="Authentication.Api/Authentication.Api.csproj" Id="96b1d8ee-c32a-40ba-835a-4f1bbd5f73c5" />
    <Project Path="Authentication.DTO/Authentication.DTO.csproj" Id="76697c51-b04d-4977-babe-7cf785582851" />
    <Project Path="Authentication.Handler/Authentication.Handler.csproj" Id="f06a64a9-8ba6-4cc2-8015-223481c1ed1a" />
    <Project Path="Authentication.Repository/Authentication.Repository.csproj" Id="b103052c-97be-41aa-bcb2-ffcd41fa5a37" />
  </Folder>
  <Folder Name="/ProductManagement/">
    <Project Path="ProductManagement/Aggregator/ProductManagement.Aggregator.csproj" />
    <Project Path="ProductManagement/DTO/ProductManagement.DTO.csproj" />
    <Project Path="ProductManagement/Handler/ProductManagement.Handler.csproj" />
    <Project Path="ProductManagement/ProductManagement.API/ProductManagement.API.csproj" />
    <Project Path="ProductManagement/Repository/ProductManagement.Repository.csproj" />
  </Folder>
  <Folder Name="/OrderManagement/">
    <Project Path="OrderManagement/Aggregator/OrderManagement.Aggregator.csproj" />
    <Project Path="OrderManagement/DTO/OrderManagement.DTO.csproj" />
    <Project Path="OrderManagement/Handler/OrderManagement.Handler.csproj" />
    <Project Path="OrderManagement/OrderManagement.API/OrderManagement.API.csproj" />
    <Project Path="OrderManagement/Repository/OrderManagement.Repository.csproj" />
  </Folder>
  <Folder Name="/ServiceBus/">
    <Project Path="ServiceBus.Handlers/ServiceBus.Handlers.csproj" />
  </Folder>
  <Folder Name="/SharedSubSystem/">
    <Project Path="SharedSubsystem/SharedSubsystem.csproj" />
  </Folder>
</Solution>
